
Microsoft Visual Studio Solution File, Format Version 12.00
# Visual Studio 15
VisualStudioVersion = 15.0.27130.2036
MinimumVisualStudioVersion = 10.0.40219.1
Project("{9A19103F-16F7-4668-BE54-9A1E7A4F7556}") = "ScoreClient", "ScoreClient\ScoreClient.csproj", "{2BE2CAD0-AFCD-4294-96CA-6254FC68E6A9}"
EndProject
Global
	GlobalSection(SolutionConfigurationPlatforms) = preSolution
		Debug|Any CPU = Debug|Any CPU
		Release|Any CPU = Release|Any CPU
	EndGlobalSection
	GlobalSection(ProjectConfigurationPlatforms) = postSolution
		{2BE2CAD0-AFCD-4294-96CA-6254FC68E6A9}.Debug|Any CPU.ActiveCfg = Debug|Any CPU
		{2BE2CAD0-AFCD-4294-96CA-6254FC68E6A9}.Debug|Any CPU.Build.0 = Debug|Any CPU
		{2BE2CAD0-AFCD-4294-96CA-6254FC68E6A9}.Release|Any CPU.ActiveCfg = Release|Any CPU
		{2BE2CAD0-AFCD-4294-96CA-6254FC68E6A9}.Release|Any CPU.Build.0 = Release|Any CPU
	EndGlobalSection
	GlobalSection(SolutionProperties) = preSolution
		HideSolutionNode = FALSE
	EndGlobalSection
	GlobalSection(ExtensibilityGlobals) = postSolution
		SolutionGuid = {12D48E6B-8886-4C83-BB7B-2B15DBFADED2}
	EndGlobalSection
EndGlobal
